
Microsoft Visual Studio Solution File, Format Version 11.00
# Visual Studio 2010
Project("{2150E333-8FDC-42A3-9474-1A3956D46DE8}") = "Framework", "Framework", "{01BB7106-2DC3-4872-82EA-FB9B288ACCB8}"
EndProject
Project("{FAE04EC0-301F-11D3-BF4B-00C04F79EFBC}") = "CQRSlite", "Framework\CQRSlite\CQRSlite.csproj", "{DAFD2A8A-D6B0-4433-8DDF-B98460C64EC6}"
EndProject
Project("{FAE04EC0-301F-11D3-BF4B-00C04F79EFBC}") = "CQRSlite.Extensions", "Framework\CQRSlite.Extensions\CQRSlite.Extensions.csproj", "{8E96F332-4D60-42E5-A264-5707A68A297A}"
EndProject
Project("{FAE04EC0-301F-11D3-BF4B-00C04F79EFBC}") = "CQRSlite.Phone", "Framework\CQRSlite.Phone\CQRSlite.Phone.csproj", "{139ADA01-57B0-4E73-970F-D4F342AB852B}"
EndProject
Project("{FAE04EC0-301F-11D3-BF4B-00C04F79EFBC}") = "CQRSlite.Tests", "Framework\CQRSlite.Tests\CQRSlite.Tests.csproj", "{420F0A58-CB69-4517-9251-6F92911C3A61}"
EndProject
Project("{2150E333-8FDC-42A3-9474-1A3956D46DE8}") = "Sample", "Sample", "{3A78D7C9-98F0-4C8C-AAE2-52C0518FDF90}"
EndProject
Project("{FAE04EC0-301F-11D3-BF4B-00C04F79EFBC}") = "CQRSCode", "Sample\CQRSCode\CQRSCode.csproj", "{34E7DC24-8080-4E47-90E6-3BCDA44955E5}"
EndProject
Project("{FAE04EC0-301F-11D3-BF4B-00C04F79EFBC}") = "CQRSWeb", "Sample\CQRSWeb\CQRSWeb.csproj", "{A5D836FD-C8D5-44A6-81F0-ADAAC906137A}"
EndProject
Project("{FAE04EC0-301F-11D3-BF4B-00C04F79EFBC}") = "CQRSTests", "Sample\CQRSTests\CQRSTests.csproj", "{ADBFA246-319B-4555-98BE-09726B7E6B89}"
EndProject
Global
	GlobalSection(SolutionConfigurationPlatforms) = preSolution
		Debug|Any CPU = Debug|Any CPU
		Release|Any CPU = Release|Any CPU
	EndGlobalSection
	GlobalSection(ProjectConfigurationPlatforms) = postSolution
		{DAFD2A8A-D6B0-4433-8DDF-B98460C64EC6}.Debug|Any CPU.ActiveCfg = Debug|Any CPU
		{DAFD2A8A-D6B0-4433-8DDF-B98460C64EC6}.Debug|Any CPU.Build.0 = Debug|Any CPU
		{DAFD2A8A-D6B0-4433-8DDF-B98460C64EC6}.Release|Any CPU.ActiveCfg = Release|Any CPU
		{DAFD2A8A-D6B0-4433-8DDF-B98460C64EC6}.Release|Any CPU.Build.0 = Release|Any CPU
		{8E96F332-4D60-42E5-A264-5707A68A297A}.Debug|Any CPU.ActiveCfg = Debug|Any CPU
		{8E96F332-4D60-42E5-A264-5707A68A297A}.Debug|Any CPU.Build.0 = Debug|Any CPU
		{8E96F332-4D60-42E5-A264-5707A68A297A}.Release|Any CPU.ActiveCfg = Release|Any CPU
		{8E96F332-4D60-42E5-A264-5707A68A297A}.Release|Any CPU.Build.0 = Release|Any CPU
		{139ADA01-57B0-4E73-970F-D4F342AB852B}.Debug|Any CPU.ActiveCfg = Debug|Any CPU
		{139ADA01-57B0-4E73-970F-D4F342AB852B}.Debug|Any CPU.Build.0 = Debug|Any CPU
		{139ADA01-57B0-4E73-970F-D4F342AB852B}.Release|Any CPU.ActiveCfg = Release|Any CPU
		{139ADA01-57B0-4E73-970F-D4F342AB852B}.Release|Any CPU.Build.0 = Release|Any CPU
		{420F0A58-CB69-4517-9251-6F92911C3A61}.Debug|Any CPU.ActiveCfg = Debug|Any CPU
		{420F0A58-CB69-4517-9251-6F92911C3A61}.Debug|Any CPU.Build.0 = Debug|Any CPU
		{420F0A58-CB69-4517-9251-6F92911C3A61}.Release|Any CPU.ActiveCfg = Release|Any CPU
		{420F0A58-CB69-4517-9251-6F92911C3A61}.Release|Any CPU.Build.0 = Release|Any CPU
		{34E7DC24-8080-4E47-90E6-3BCDA44955E5}.Debug|Any CPU.ActiveCfg = Debug|Any CPU
		{34E7DC24-8080-4E47-90E6-3BCDA44955E5}.Debug|Any CPU.Build.0 = Debug|Any CPU
		{34E7DC24-8080-4E47-90E6-3BCDA44955E5}.Release|Any CPU.ActiveCfg = Release|Any CPU
		{34E7DC24-8080-4E47-90E6-3BCDA44955E5}.Release|Any CPU.Build.0 = Release|Any CPU
		{A5D836FD-C8D5-44A6-81F0-ADAAC906137A}.Debug|Any CPU.ActiveCfg = Debug|Any CPU
		{A5D836FD-C8D5-44A6-81F0-ADAAC906137A}.Debug|Any CPU.Build.0 = Debug|Any CPU
		{A5D836FD-C8D5-44A6-81F0-ADAAC906137A}.Release|Any CPU.ActiveCfg = Release|Any CPU
		{A5D836FD-C8D5-44A6-81F0-ADAAC906137A}.Release|Any CPU.Build.0 = Release|Any CPU
		{ADBFA246-319B-4555-98BE-09726B7E6B89}.Debug|Any CPU.ActiveCfg = Debug|Any CPU
		{ADBFA246-319B-4555-98BE-09726B7E6B89}.Debug|Any CPU.Build.0 = Debug|Any CPU
		{ADBFA246-319B-4555-98BE-09726B7E6B89}.Release|Any CPU.ActiveCfg = Release|Any CPU
		{ADBFA246-319B-4555-98BE-09726B7E6B89}.Release|Any CPU.Build.0 = Release|Any CPU
	EndGlobalSection
	GlobalSection(SolutionProperties) = preSolution
		HideSolutionNode = FALSE
	EndGlobalSection
	GlobalSection(NestedProjects) = preSolution
		{DAFD2A8A-D6B0-4433-8DDF-B98460C64EC6} = {01BB7106-2DC3-4872-82EA-FB9B288ACCB8}
		{8E96F332-4D60-42E5-A264-5707A68A297A} = {01BB7106-2DC3-4872-82EA-FB9B288ACCB8}
		{139ADA01-57B0-4E73-970F-D4F342AB852B} = {01BB7106-2DC3-4872-82EA-FB9B288ACCB8}
		{420F0A58-CB69-4517-9251-6F92911C3A61} = {01BB7106-2DC3-4872-82EA-FB9B288ACCB8}
		{34E7DC24-8080-4E47-90E6-3BCDA44955E5} = {3A78D7C9-98F0-4C8C-AAE2-52C0518FDF90}
		{A5D836FD-C8D5-44A6-81F0-ADAAC906137A} = {3A78D7C9-98F0-4C8C-AAE2-52C0518FDF90}
		{ADBFA246-319B-4555-98BE-09726B7E6B89} = {3A78D7C9-98F0-4C8C-AAE2-52C0518FDF90}
	EndGlobalSection
EndGlobal
